
Microsoft Visual Studio Solution File, Format Version 12.00
# Visual Studio Version 17
VisualStudioVersion = 17.7.34221.43
MinimumVisualStudioVersion = 10.0.40219.1
Project("{FAE04EC0-301F-11D3-BF4B-00C04F79EFBC}") = "AgileAssistPro", "AgileAssistPro\AgileAssistPro.csproj", "{0AAF77A1-2601-4B53-9E2C-2BEA7D7B9248}"
EndProject
Global
	GlobalSection(SolutionConfigurationPlatforms) = preSolution
		Debug|Any CPU = Debug|Any CPU
		Release|Any CPU = Release|Any CPU
	EndGlobalSection
	GlobalSection(ProjectConfigurationPlatforms) = postSolution
		{0AAF77A1-2601-4B53-9E2C-2BEA7D7B9248}.Debug|Any CPU.ActiveCfg = Debug|Any CPU
		{0AAF77A1-2601-4B53-9E2C-2BEA7D7B9248}.Debug|Any CPU.Build.0 = Debug|Any CPU
		{0AAF77A1-2601-4B53-9E2C-2BEA7D7B9248}.Release|Any CPU.ActiveCfg = Release|Any CPU
		{0AAF77A1-2601-4B53-9E2C-2BEA7D7B9248}.Release|Any CPU.Build.0 = Release|Any CPU
	EndGlobalSection
	GlobalSection(SolutionProperties) = preSolution
		HideSolutionNode = FALSE
	EndGlobalSection
	GlobalSection(ExtensibilityGlobals) = postSolution
		SolutionGuid = {F0F31B99-D22E-4A67-9FFB-0B6E3DEF15D4}
	EndGlobalSection
EndGlobal
